// !$*UTF8*$!
{
	archiveVersion = 1;
	classes = {
	};
	objectVersion = 56;
	objects = {

/* Begin PBXBuildFile section */
		752378982A15128700FECADD /* StatisticDataService.swift in Sources */ = {isa = PBXBuildFile; fileRef = 752378972A15128700FECADD /* StatisticDataService.swift */; };
		7523789B2A151B0400FECADD /* StatisticsConteiner.xcdatamodeld in Sources */ = {isa = PBXBuildFile; fileRef = 752378992A151B0400FECADD /* StatisticsConteiner.xcdatamodeld */; };
		755ECE552A1E5F6C004CB53D /* ParametersViewModel.swift in Sources */ = {isa = PBXBuildFile; fileRef = 755ECE542A1E5F6C004CB53D /* ParametersViewModel.swift */; };
		755ECE572A1E615E004CB53D /* ParametersModel.swift in Sources */ = {isa = PBXBuildFile; fileRef = 755ECE562A1E615E004CB53D /* ParametersModel.swift */; };
		75AB1C592A05474E0034F590 /* NutritionApp.swift in Sources */ = {isa = PBXBuildFile; fileRef = 75AB1C582A05474E0034F590 /* NutritionApp.swift */; };
		75AB1C5B2A05474E0034F590 /* ContentView.swift in Sources */ = {isa = PBXBuildFile; fileRef = 75AB1C5A2A05474E0034F590 /* ContentView.swift */; };
		75AB1C5D2A0547510034F590 /* Assets.xcassets in Resources */ = {isa = PBXBuildFile; fileRef = 75AB1C5C2A0547510034F590 /* Assets.xcassets */; };
		75AB1C602A0547510034F590 /* Preview Assets.xcassets in Resources */ = {isa = PBXBuildFile; fileRef = 75AB1C5F2A0547510034F590 /* Preview Assets.xcassets */; };
		75AB1C682A05499A0034F590 /* HomeView.swift in Sources */ = {isa = PBXBuildFile; fileRef = 75AB1C672A05499A0034F590 /* HomeView.swift */; };
		75CE545A2A196067006CADBC /* ParametersView.swift in Sources */ = {isa = PBXBuildFile; fileRef = 75CE54592A196067006CADBC /* ParametersView.swift */; };
		75E387D82A054F95000622D5 /* HomeViewModel.swift in Sources */ = {isa = PBXBuildFile; fileRef = 75E387D72A054F95000622D5 /* HomeViewModel.swift */; };
		75E387DA2A054FE9000622D5 /* StatisticModel.swift in Sources */ = {isa = PBXBuildFile; fileRef = 75E387D92A054FE9000622D5 /* StatisticModel.swift */; };
		75E387DC2A0551DF000622D5 /* NutritionDataModel.swift in Sources */ = {isa = PBXBuildFile; fileRef = 75E387DB2A0551DF000622D5 /* NutritionDataModel.swift */; };
		75E387DE2A0553E3000622D5 /* HomeStatsView.swift in Sources */ = {isa = PBXBuildFile; fileRef = 75E387DD2A0553E3000622D5 /* HomeStatsView.swift */; };
		75E387E02A055452000622D5 /* PreviewProvider.swift in Sources */ = {isa = PBXBuildFile; fileRef = 75E387DF2A055452000622D5 /* PreviewProvider.swift */; };
		75E387E22A0554E4000622D5 /* StatisticView.swift in Sources */ = {isa = PBXBuildFile; fileRef = 75E387E12A0554E4000622D5 /* StatisticView.swift */; };
		75E387E52A066D55000622D5 /* CircleButtonView.swift in Sources */ = {isa = PBXBuildFile; fileRef = 75E387E42A066D55000622D5 /* CircleButtonView.swift */; };
		75E387E72A0670C8000622D5 /* CircleButtonAnimationView.swift in Sources */ = {isa = PBXBuildFile; fileRef = 75E387E62A0670C8000622D5 /* CircleButtonAnimationView.swift */; };
		75E387E92A0684AF000622D5 /* Color.swift in Sources */ = {isa = PBXBuildFile; fileRef = 75E387E82A0684AF000622D5 /* Color.swift */; };
		75E387EB2A068CD4000622D5 /* SearchBarView.swift in Sources */ = {isa = PBXBuildFile; fileRef = 75E387EA2A068CD4000622D5 /* SearchBarView.swift */; };
		75E387ED2A069BF0000622D5 /* ProductModel.swift in Sources */ = {isa = PBXBuildFile; fileRef = 75E387EC2A069BF0000622D5 /* ProductModel.swift */; };
		75E387EF2A06A305000622D5 /* ProductRowView.swift in Sources */ = {isa = PBXBuildFile; fileRef = 75E387EE2A06A305000622D5 /* ProductRowView.swift */; };
		75E387F12A06B058000622D5 /* ProductDataService.swift in Sources */ = {isa = PBXBuildFile; fileRef = 75E387F02A06B058000622D5 /* ProductDataService.swift */; };
/* End PBXBuildFile section */

/* Begin PBXFileReference section */
		752378972A15128700FECADD /* StatisticDataService.swift */ = {isa = PBXFileReference; lastKnownFileType = sourcecode.swift; path = StatisticDataService.swift; sourceTree = "<group>"; };
		7523789A2A151B0400FECADD /* StatisticsConteiner.xcdatamodel */ = {isa = PBXFileReference; lastKnownFileType = wrapper.xcdatamodel; path = StatisticsConteiner.xcdatamodel; sourceTree = "<group>"; };
		755ECE542A1E5F6C004CB53D /* ParametersViewModel.swift */ = {isa = PBXFileReference; lastKnownFileType = sourcecode.swift; path = ParametersViewModel.swift; sourceTree = "<group>"; };
		755ECE562A1E615E004CB53D /* ParametersModel.swift */ = {isa = PBXFileReference; lastKnownFileType = sourcecode.swift; path = ParametersModel.swift; sourceTree = "<group>"; };
		75AB1C552A05474D0034F590 /* Nutrition.app */ = {isa = PBXFileReference; explicitFileType = wrapper.application; includeInIndex = 0; path = Nutrition.app; sourceTree = BUILT_PRODUCTS_DIR; };
		75AB1C582A05474E0034F590 /* NutritionApp.swift */ = {isa = PBXFileReference; lastKnownFileType = sourcecode.swift; path = NutritionApp.swift; sourceTree = "<group>"; };
		75AB1C5A2A05474E0034F590 /* ContentView.swift */ = {isa = PBXFileReference; lastKnownFileType = sourcecode.swift; path = ContentView.swift; sourceTree = "<group>"; };
		75AB1C5C2A0547510034F590 /* Assets.xcassets */ = {isa = PBXFileReference; lastKnownFileType = folder.assetcatalog; path = Assets.xcassets; sourceTree = "<group>"; };
		75AB1C5F2A0547510034F590 /* Preview Assets.xcassets */ = {isa = PBXFileReference; lastKnownFileType = folder.assetcatalog; path = "Preview Assets.xcassets"; sourceTree = "<group>"; };
		75AB1C672A05499A0034F590 /* HomeView.swift */ = {isa = PBXFileReference; lastKnownFileType = sourcecode.swift; path = HomeView.swift; sourceTree = "<group>"; };
		75CE54592A196067006CADBC /* ParametersView.swift */ = {isa = PBXFileReference; lastKnownFileType = sourcecode.swift; path = ParametersView.swift; sourceTree = "<group>"; };
		75E387D72A054F95000622D5 /* HomeViewModel.swift */ = {isa = PBXFileReference; lastKnownFileType = sourcecode.swift; path = HomeViewModel.swift; sourceTree = "<group>"; };
		75E387D92A054FE9000622D5 /* StatisticModel.swift */ = {isa = PBXFileReference; lastKnownFileType = sourcecode.swift; path = StatisticModel.swift; sourceTree = "<group>"; };
		75E387DB2A0551DF000622D5 /* NutritionDataModel.swift */ = {isa = PBXFileReference; lastKnownFileType = sourcecode.swift; path = NutritionDataModel.swift; sourceTree = "<group>"; };
		75E387DD2A0553E3000622D5 /* HomeStatsView.swift */ = {isa = PBXFileReference; lastKnownFileType = sourcecode.swift; path = HomeStatsView.swift; sourceTree = "<group>"; };
		75E387DF2A055452000622D5 /* PreviewProvider.swift */ = {isa = PBXFileReference; lastKnownFileType = sourcecode.swift; path = PreviewProvider.swift; sourceTree = "<group>"; };
		75E387E12A0554E4000622D5 /* StatisticView.swift */ = {isa = PBXFileReference; lastKnownFileType = sourcecode.swift; path = StatisticView.swift; sourceTree = "<group>"; };
		75E387E42A066D55000622D5 /* CircleButtonView.swift */ = {isa = PBXFileReference; lastKnownFileType = sourcecode.swift; path = CircleButtonView.swift; sourceTree = "<group>"; };
		75E387E62A0670C8000622D5 /* CircleButtonAnimationView.swift */ = {isa = PBXFileReference; lastKnownFileType = sourcecode.swift; path = CircleButtonAnimationView.swift; sourceTree = "<group>"; };
		75E387E82A0684AF000622D5 /* Color.swift */ = {isa = PBXFileReference; lastKnownFileType = sourcecode.swift; path = Color.swift; sourceTree = "<group>"; };
		75E387EA2A068CD4000622D5 /* SearchBarView.swift */ = {isa = PBXFileReference; lastKnownFileType = sourcecode.swift; path = SearchBarView.swift; sourceTree = "<group>"; };
		75E387EC2A069BF0000622D5 /* ProductModel.swift */ = {isa = PBXFileReference; lastKnownFileType = sourcecode.swift; path = ProductModel.swift; sourceTree = "<group>"; };
		75E387EE2A06A305000622D5 /* ProductRowView.swift */ = {isa = PBXFileReference; lastKnownFileType = sourcecode.swift; path = ProductRowView.swift; sourceTree = "<group>"; };
		75E387F02A06B058000622D5 /* ProductDataService.swift */ = {isa = PBXFileReference; lastKnownFileType = sourcecode.swift; path = ProductDataService.swift; sourceTree = "<group>"; };
/* End PBXFileReference section */

/* Begin PBXFrameworksBuildPhase section */
		75AB1C522A05474D0034F590 /* Frameworks */ = {
			isa = PBXFrameworksBuildPhase;
			buildActionMask = 2147483647;
			files = (
			);
			runOnlyForDeploymentPostprocessing = 0;
		};
/* End PBXFrameworksBuildPhase section */

/* Begin PBXGroup section */
		75AB1C4C2A05474D0034F590 = {
			isa = PBXGroup;
			children = (
				75AB1C572A05474D0034F590 /* Nutrition */,
				75AB1C562A05474D0034F590 /* Products */,
			);
			sourceTree = "<group>";
		};
		75AB1C562A05474D0034F590 /* Products */ = {
			isa = PBXGroup;
			children = (
				75AB1C552A05474D0034F590 /* Nutrition.app */,
			);
			name = Products;
			sourceTree = "<group>";
		};
		75AB1C572A05474D0034F590 /* Nutrition */ = {
			isa = PBXGroup;
			children = (
				75AB1C582A05474E0034F590 /* NutritionApp.swift */,
				75E387D32A054ED5000622D5 /* Extensions */,
				75E387D22A054EC4000622D5 /* Services */,
				75E387D12A054E9C000622D5 /* Models */,
				75E387D42A054EF6000622D5 /* Core */,
				75AB1C5A2A05474E0034F590 /* ContentView.swift */,
				75AB1C5C2A0547510034F590 /* Assets.xcassets */,
				75AB1C5E2A0547510034F590 /* Preview Content */,
			);
			path = Nutrition;
			sourceTree = "<group>";
		};
		75AB1C5E2A0547510034F590 /* Preview Content */ = {
			isa = PBXGroup;
			children = (
				75AB1C5F2A0547510034F590 /* Preview Assets.xcassets */,
			);
			path = "Preview Content";
			sourceTree = "<group>";
		};
		75AB1C662A0549890034F590 /* Views */ = {
			isa = PBXGroup;
			children = (
				75AB1C672A05499A0034F590 /* HomeView.swift */,
				75E387DD2A0553E3000622D5 /* HomeStatsView.swift */,
				75E387E12A0554E4000622D5 /* StatisticView.swift */,
				75E387E62A0670C8000622D5 /* CircleButtonAnimationView.swift */,
				75E387EE2A06A305000622D5 /* ProductRowView.swift */,
				75CE54592A196067006CADBC /* ParametersView.swift */,
			);
			path = Views;
			sourceTree = "<group>";
		};
		75E387D02A054E91000622D5 /* ViewModel */ = {
			isa = PBXGroup;
			children = (
				75E387D72A054F95000622D5 /* HomeViewModel.swift */,
				755ECE542A1E5F6C004CB53D /* ParametersViewModel.swift */,
			);
			path = ViewModel;
			sourceTree = "<group>";
		};
		75E387D12A054E9C000622D5 /* Models */ = {
			isa = PBXGroup;
			children = (
				75E387D92A054FE9000622D5 /* StatisticModel.swift */,
				75E387DB2A0551DF000622D5 /* NutritionDataModel.swift */,
				755ECE562A1E615E004CB53D /* ParametersModel.swift */,
				75E387EC2A069BF0000622D5 /* ProductModel.swift */,
				752378992A151B0400FECADD /* StatisticsConteiner.xcdatamodeld */,
			);
			path = Models;
			sourceTree = "<group>";
		};
		75E387D22A054EC4000622D5 /* Services */ = {
			isa = PBXGroup;
			children = (
				75E387F02A06B058000622D5 /* ProductDataService.swift */,
				752378972A15128700FECADD /* StatisticDataService.swift */,
			);
			path = Services;
			sourceTree = "<group>";
		};
		75E387D32A054ED5000622D5 /* Extensions */ = {
			isa = PBXGroup;
			children = (
				75E387DF2A055452000622D5 /* PreviewProvider.swift */,
				75E387E82A0684AF000622D5 /* Color.swift */,
			);
			path = Extensions;
			sourceTree = "<group>";
		};
		75E387D42A054EF6000622D5 /* Core */ = {
			isa = PBXGroup;
			children = (
				75E387D52A054F43000622D5 /* Components */,
				75E387D62A054F6A000622D5 /* Home */,
			);
			path = Core;
			sourceTree = "<group>";
		};
		75E387D52A054F43000622D5 /* Components */ = {
			isa = PBXGroup;
			children = (
				75E387E32A066D3B000622D5 /* CircleButton */,
				75E387EA2A068CD4000622D5 /* SearchBarView.swift */,
			);
			path = Components;
			sourceTree = "<group>";
		};
		75E387D62A054F6A000622D5 /* Home */ = {
			isa = PBXGroup;
			children = (
				75AB1C662A0549890034F590 /* Views */,
				75E387D02A054E91000622D5 /* ViewModel */,
			);
			path = Home;
			sourceTree = "<group>";
		};
		75E387E32A066D3B000622D5 /* CircleButton */ = {
			isa = PBXGroup;
			children = (
				75E387E42A066D55000622D5 /* CircleButtonView.swift */,
			);
			path = CircleButton;
			sourceTree = "<group>";
		};
/* End PBXGroup section */

/* Begin PBXNativeTarget section */
		75AB1C542A05474D0034F590 /* Nutrition */ = {
			isa = PBXNativeTarget;
			buildConfigurationList = 75AB1C632A0547510034F590 /* Build configuration list for PBXNativeTarget "Nutrition" */;
			buildPhases = (
				75AB1C512A05474D0034F590 /* Sources */,
				75AB1C522A05474D0034F590 /* Frameworks */,
				75AB1C532A05474D0034F590 /* Resources */,
			);
			buildRules = (
			);
			dependencies = (
			);
			name = Nutrition;
			productName = Nutrition;
			productReference = 75AB1C552A05474D0034F590 /* Nutrition.app */;
			productType = "com.apple.product-type.application";
		};
/* End PBXNativeTarget section */

/* Begin PBXProject section */
		75AB1C4D2A05474D0034F590 /* Project object */ = {
			isa = PBXProject;
			attributes = {
				BuildIndependentTargetsInParallel = 1;
				LastSwiftUpdateCheck = 1420;
				LastUpgradeCheck = 1420;
				TargetAttributes = {
					75AB1C542A05474D0034F590 = {
						CreatedOnToolsVersion = 14.2;
					};
				};
			};
			buildConfigurationList = 75AB1C502A05474D0034F590 /* Build configuration list for PBXProject "Nutrition" */;
			compatibilityVersion = "Xcode 14.0";
			developmentRegion = en;
			hasScannedForEncodings = 0;
			knownRegions = (
				en,
				Base,
			);
			mainGroup = 75AB1C4C2A05474D0034F590;
			productRefGroup = 75AB1C562A05474D0034F590 /* Products */;
			projectDirPath = "";
			projectRoot = "";
			targets = (
				75AB1C542A05474D0034F590 /* Nutrition */,
			);
		};
/* End PBXProject section */

/* Begin PBXResourcesBuildPhase section */
		75AB1C532A05474D0034F590 /* Resources */ = {
			isa = PBXResourcesBuildPhase;
			buildActionMask = 2147483647;
			files = (
				75AB1C602A0547510034F590 /* Preview Assets.xcassets in Resources */,
				75AB1C5D2A0547510034F590 /* Assets.xcassets in Resources */,
			);
			runOnlyForDeploymentPostprocessing = 0;
		};
/* End PBXResourcesBuildPhase section */

/* Begin PBXSourcesBuildPhase section */
		75AB1C512A05474D0034F590 /* Sources */ = {
			isa = PBXSourcesBuildPhase;
			buildActionMask = 2147483647;
			files = (
				75E387DA2A054FE9000622D5 /* StatisticModel.swift in Sources */,
				75E387E72A0670C8000622D5 /* CircleButtonAnimationView.swift in Sources */,
				75AB1C682A05499A0034F590 /* HomeView.swift in Sources */,
				75E387DC2A0551DF000622D5 /* NutritionDataModel.swift in Sources */,
				752378982A15128700FECADD /* StatisticDataService.swift in Sources */,
				75CE545A2A196067006CADBC /* ParametersView.swift in Sources */,
				75E387F12A06B058000622D5 /* ProductDataService.swift in Sources */,
				75AB1C5B2A05474E0034F590 /* ContentView.swift in Sources */,
				75E387ED2A069BF0000622D5 /* ProductModel.swift in Sources */,
				7523789B2A151B0400FECADD /* StatisticsConteiner.xcdatamodeld in Sources */,
				75E387E92A0684AF000622D5 /* Color.swift in Sources */,
				75E387DE2A0553E3000622D5 /* HomeStatsView.swift in Sources */,
				755ECE552A1E5F6C004CB53D /* ParametersViewModel.swift in Sources */,
				755ECE572A1E615E004CB53D /* ParametersModel.swift in Sources */,
				75E387E02A055452000622D5 /* PreviewProvider.swift in Sources */,
				75AB1C592A05474E0034F590 /* NutritionApp.swift in Sources */,
				75E387EF2A06A305000622D5 /* ProductRowView.swift in Sources */,
				75E387EB2A068CD4000622D5 /* SearchBarView.swift in Sources */,
				75E387E22A0554E4000622D5 /* StatisticView.swift in Sources */,
				75E387E52A066D55000622D5 /* CircleButtonView.swift in Sources */,
				75E387D82A054F95000622D5 /* HomeViewModel.swift in Sources */,
			);
			runOnlyForDeploymentPostprocessing = 0;
		};
/* End PBXSourcesBuildPhase section */

/* Begin XCBuildConfiguration section */
		75AB1C612A0547510034F590 /* Debug */ = {
			isa = XCBuildConfiguration;
			buildSettings = {
				ALWAYS_SEARCH_USER_PATHS = NO;
				CLANG_ANALYZER_NONNULL = YES;
				CLANG_ANALYZER_NUMBER_OBJECT_CONVERSION = YES_AGGRESSIVE;
				CLANG_CXX_LANGUAGE_STANDARD = "gnu++20";
				CLANG_ENABLE_MODULES = YES;
				CLANG_ENABLE_OBJC_ARC = YES;
				CLANG_ENABLE_OBJC_WEAK = YES;
				CLANG_WARN_BLOCK_CAPTURE_AUTORELEASING = YES;
				CLANG_WARN_BOOL_CONVERSION = YES;
				CLANG_WARN_COMMA = YES;
				CLANG_WARN_CONSTANT_CONVERSION = YES;
				CLANG_WARN_DEPRECATED_OBJC_IMPLEMENTATIONS = YES;
				CLANG_WARN_DIRECT_OBJC_ISA_USAGE = YES_ERROR;
				CLANG_WARN_DOCUMENTATION_COMMENTS = YES;
				CLANG_WARN_EMPTY_BODY = YES;
				CLANG_WARN_ENUM_CONVERSION = YES;
				CLANG_WARN_INFINITE_RECURSION = YES;
				CLANG_WARN_INT_CONVERSION = YES;
				CLANG_WARN_NON_LITERAL_NULL_CONVERSION = YES;
				CLANG_WARN_OBJC_IMPLICIT_RETAIN_SELF = YES;
				CLANG_WARN_OBJC_LITERAL_CONVERSION = YES;
				CLANG_WARN_OBJC_ROOT_CLASS = YES_ERROR;
				CLANG_WARN_QUOTED_INCLUDE_IN_FRAMEWORK_HEADER = YES;
				CLANG_WARN_RANGE_LOOP_ANALYSIS = YES;
				CLANG_WARN_STRICT_PROTOTYPES = YES;
				CLANG_WARN_SUSPICIOUS_MOVE = YES;
				CLANG_WARN_UNGUARDED_AVAILABILITY = YES_AGGRESSIVE;
				CLANG_WARN_UNREACHABLE_CODE = YES;
				CLANG_WARN__DUPLICATE_METHOD_MATCH = YES;
				COPY_PHASE_STRIP = NO;
				DEBUG_INFORMATION_FORMAT = dwarf;
				ENABLE_STRICT_OBJC_MSGSEND = YES;
				ENABLE_TESTABILITY = YES;
				GCC_C_LANGUAGE_STANDARD = gnu11;
				GCC_DYNAMIC_NO_PIC = NO;
				GCC_NO_COMMON_BLOCKS = YES;
				GCC_OPTIMIZATION_LEVEL = 0;
				GCC_PREPROCESSOR_DEFINITIONS = (
					"DEBUG=1",
					"$(inherited)",
				);
				GCC_WARN_64_TO_32_BIT_CONVERSION = YES;
				GCC_WARN_ABOUT_RETURN_TYPE = YES_ERROR;
				GCC_WARN_UNDECLARED_SELECTOR = YES;
				GCC_WARN_UNINITIALIZED_AUTOS = YES_AGGRESSIVE;
				GCC_WARN_UNUSED_FUNCTION = YES;
				GCC_WARN_UNUSED_VARIABLE = YES;
				IPHONEOS_DEPLOYMENT_TARGET = 16.2;
				MTL_ENABLE_DEBUG_INFO = INCLUDE_SOURCE;
				MTL_FAST_MATH = YES;
				ONLY_ACTIVE_ARCH = YES;
				SDKROOT = iphoneos;
				SWIFT_ACTIVE_COMPILATION_CONDITIONS = DEBUG;
				SWIFT_OPTIMIZATION_LEVEL = "-Onone";
			};
			name = Debug;
		};
		75AB1C622A0547510034F590 /* Release */ = {
			isa = XCBuildConfiguration;
			buildSettings = {
				ALWAYS_SEARCH_USER_PATHS = NO;
				CLANG_ANALYZER_NONNULL = YES;
				CLANG_ANALYZER_NUMBER_OBJECT_CONVERSION = YES_AGGRESSIVE;
				CLANG_CXX_LANGUAGE_STANDARD = "gnu++20";
				CLANG_ENABLE_MODULES = YES;
				CLANG_ENABLE_OBJC_ARC = YES;
				CLANG_ENABLE_OBJC_WEAK = YES;
				CLANG_WARN_BLOCK_CAPTURE_AUTORELEASING = YES;
				CLANG_WARN_BOOL_CONVERSION = YES;
				CLANG_WARN_COMMA = YES;
				CLANG_WARN_CONSTANT_CONVERSION = YES;
				CLANG_WARN_DEPRECATED_OBJC_IMPLEMENTATIONS = YES;
				CLANG_WARN_DIRECT_OBJC_ISA_USAGE = YES_ERROR;
				CLANG_WARN_DOCUMENTATION_COMMENTS = YES;
				CLANG_WARN_EMPTY_BODY = YES;
				CLANG_WARN_ENUM_CONVERSION = YES;
				CLANG_WARN_INFINITE_RECURSION = YES;
				CLANG_WARN_INT_CONVERSION = YES;
				CLANG_WARN_NON_LITERAL_NULL_CONVERSION = YES;
				CLANG_WARN_OBJC_IMPLICIT_RETAIN_SELF = YES;
				CLANG_WARN_OBJC_LITERAL_CONVERSION = YES;
				CLANG_WARN_OBJC_ROOT_CLASS = YES_ERROR;
				CLANG_WARN_QUOTED_INCLUDE_IN_FRAMEWORK_HEADER = YES;
				CLANG_WARN_RANGE_LOOP_ANALYSIS = YES;
				CLANG_WARN_STRICT_PROTOTYPES = YES;
				CLANG_WARN_SUSPICIOUS_MOVE = YES;
				CLANG_WARN_UNGUARDED_AVAILABILITY = YES_AGGRESSIVE;
				CLANG_WARN_UNREACHABLE_CODE = YES;
				CLANG_WARN__DUPLICATE_METHOD_MATCH = YES;
				COPY_PHASE_STRIP = NO;
				DEBUG_INFORMATION_FORMAT = "dwarf-with-dsym";
				ENABLE_NS_ASSERTIONS = NO;
				ENABLE_STRICT_OBJC_MSGSEND = YES;
				GCC_C_LANGUAGE_STANDARD = gnu11;
				GCC_NO_COMMON_BLOCKS = YES;
				GCC_WARN_64_TO_32_BIT_CONVERSION = YES;
				GCC_WARN_ABOUT_RETURN_TYPE = YES_ERROR;
				GCC_WARN_UNDECLARED_SELECTOR = YES;
				GCC_WARN_UNINITIALIZED_AUTOS = YES_AGGRESSIVE;
				GCC_WARN_UNUSED_FUNCTION = YES;
				GCC_WARN_UNUSED_VARIABLE = YES;
				IPHONEOS_DEPLOYMENT_TARGET = 16.2;
				MTL_ENABLE_DEBUG_INFO = NO;
				MTL_FAST_MATH = YES;
				SDKROOT = iphoneos;
				SWIFT_COMPILATION_MODE = wholemodule;
				SWIFT_OPTIMIZATION_LEVEL = "-O";
				VALIDATE_PRODUCT = YES;
			};
			name = Release;
		};
		75AB1C642A0547510034F590 /* Debug */ = {
			isa = XCBuildConfiguration;
			buildSettings = {
				ASSETCATALOG_COMPILER_APPICON_NAME = AppIcon;
				ASSETCATALOG_COMPILER_GLOBAL_ACCENT_COLOR_NAME = AccentColor;
				CODE_SIGN_STYLE = Automatic;
				CURRENT_PROJECT_VERSION = 1;
				DEVELOPMENT_ASSET_PATHS = "\"Nutrition/Preview Content\"";
				DEVELOPMENT_TEAM = YHUMVG95RT;
				ENABLE_PREVIEWS = YES;
				GENERATE_INFOPLIST_FILE = YES;
				INFOPLIST_KEY_UIApplicationSceneManifest_Generation = YES;
				INFOPLIST_KEY_UIApplicationSupportsIndirectInputEvents = YES;
				INFOPLIST_KEY_UILaunchScreen_Generation = YES;
				INFOPLIST_KEY_UISupportedInterfaceOrientations_iPad = "UIInterfaceOrientationPortrait UIInterfaceOrientationPortraitUpsideDown UIInterfaceOrientationLandscapeLeft UIInterfaceOrientationLandscapeRight";
				INFOPLIST_KEY_UISupportedInterfaceOrientations_iPhone = "UIInterfaceOrientationPortrait UIInterfaceOrientationLandscapeLeft UIInterfaceOrientationLandscapeRight";
				LD_RUNPATH_SEARCH_PATHS = (
					"$(inherited)",
					"@executable_path/Frameworks",
				);
				MARKETING_VERSION = 1.0;
				PRODUCT_BUNDLE_IDENTIFIER = app.tpg.travel.Nutrition;
				PRODUCT_NAME = "$(TARGET_NAME)";
				SWIFT_EMIT_LOC_STRINGS = YES;
				SWIFT_VERSION = 5.0;
				TARGETED_DEVICE_FAMILY = "1,2";
			};
			name = Debug;
		};
		75AB1C652A0547510034F590 /* Release */ = {
			isa = XCBuildConfiguration;
			buildSettings = {
				ASSETCATALOG_COMPILER_APPICON_NAME = AppIcon;
				ASSETCATALOG_COMPILER_GLOBAL_ACCENT_COLOR_NAME = AccentColor;
				CODE_SIGN_STYLE = Automatic;
				CURRENT_PROJECT_VERSION = 1;
				DEVELOPMENT_ASSET_PATHS = "\"Nutrition/Preview Content\"";
				DEVELOPMENT_TEAM = YHUMVG95RT;
				ENABLE_PREVIEWS = YES;
				GENERATE_INFOPLIST_FILE = YES;
				INFOPLIST_KEY_UIApplicationSceneManifest_Generation = YES;
				INFOPLIST_KEY_UIApplicationSupportsIndirectInputEvents = YES;
				INFOPLIST_KEY_UILaunchScreen_Generation = YES;
				INFOPLIST_KEY_UISupportedInterfaceOrientations_iPad = "UIInterfaceOrientationPortrait UIInterfaceOrientationPortraitUpsideDown UIInterfaceOrientationLandscapeLeft UIInterfaceOrientationLandscapeRight";
				INFOPLIST_KEY_UISupportedInterfaceOrientations_iPhone = "UIInterfaceOrientationPortrait UIInterfaceOrientationLandscapeLeft UIInterfaceOrientationLandscapeRight";
				LD_RUNPATH_SEARCH_PATHS = (
					"$(inherited)",
					"@executable_path/Frameworks",
				);
				MARKETING_VERSION = 1.0;
				PRODUCT_BUNDLE_IDENTIFIER = app.tpg.travel.Nutrition;
				PRODUCT_NAME = "$(TARGET_NAME)";
				SWIFT_EMIT_LOC_STRINGS = YES;
				SWIFT_VERSION = 5.0;
				TARGETED_DEVICE_FAMILY = "1,2";
			};
			name = Release;
		};
/* End XCBuildConfiguration section */

/* Begin XCConfigurationList section */
		75AB1C502A05474D0034F590 /* Build configuration list for PBXProject "Nutrition" */ = {
			isa = XCConfigurationList;
			buildConfigurations = (
				75AB1C612A0547510034F590 /* Debug */,
				75AB1C622A0547510034F590 /* Release */,
			);
			defaultConfigurationIsVisible = 0;
			defaultConfigurationName = Release;
		};
		75AB1C632A0547510034F590 /* Build configuration list for PBXNativeTarget "Nutrition" */ = {
			isa = XCConfigurationList;
			buildConfigurations = (
				75AB1C642A0547510034F590 /* Debug */,
				75AB1C652A0547510034F590 /* Release */,
			);
			defaultConfigurationIsVisible = 0;
			defaultConfigurationName = Release;
		};
/* End XCConfigurationList section */

/* Begin XCVersionGroup section */
		752378992A151B0400FECADD /* StatisticsConteiner.xcdatamodeld */ = {
			isa = XCVersionGroup;
			children = (
				7523789A2A151B0400FECADD /* StatisticsConteiner.xcdatamodel */,
			);
			currentVersion = 7523789A2A151B0400FECADD /* StatisticsConteiner.xcdatamodel */;
			path = StatisticsConteiner.xcdatamodeld;
			sourceTree = "<group>";
			versionGroupType = wrapper.xcdatamodel;
		};
/* End XCVersionGroup section */
	};
	rootObject = 75AB1C4D2A05474D0034F590 /* Project object */;
}
